// !$*UTF8*$!
{
	archiveVersion = 1;
	classes = {
	};
	objectVersion = 50;
	objects = {

/* Begin PBXBuildFile section */
		D62FCEA126AC50B80061B9B0 /* AppDelegate.swift in Sources */ = {isa = PBXBuildFile; fileRef = D62FCEA026AC50B80061B9B0 /* AppDelegate.swift */; };
		D62FCEA326AC50B80061B9B0 /* SceneDelegate.swift in Sources */ = {isa = PBXBuildFile; fileRef = D62FCEA226AC50B80061B9B0 /* SceneDelegate.swift */; };
		D62FCEA526AC50B80061B9B0 /* ViewController.swift in Sources */ = {isa = PBXBuildFile; fileRef = D62FCEA426AC50B80061B9B0 /* ViewController.swift */; };
		D62FCEA826AC50B80061B9B0 /* Main.storyboard in Resources */ = {isa = PBXBuildFile; fileRef = D62FCEA626AC50B80061B9B0 /* Main.storyboard */; };
		D62FCEAA26AC50B80061B9B0 /* Assets.xcassets in Resources */ = {isa = PBXBuildFile; fileRef = D62FCEA926AC50B80061B9B0 /* Assets.xcassets */; };
		D62FCEAD26AC50B80061B9B0 /* LaunchScreen.storyboard in Resources */ = {isa = PBXBuildFile; fileRef = D62FCEAB26AC50B80061B9B0 /* LaunchScreen.storyboard */; };
		D62FCEB926AC53C30061B9B0 /* Story.swift in Sources */ = {isa = PBXBuildFile; fileRef = D62FCEB826AC53C30061B9B0 /* Story.swift */; };
		D62FCEBB26AC54930061B9B0 /* StoryBrain.swift in Sources */ = {isa = PBXBuildFile; fileRef = D62FCEBA26AC54930061B9B0 /* StoryBrain.swift */; };
/* End PBXBuildFile section */

/* Begin PBXFileReference section */
		D62FCE9D26AC50B80061B9B0 /* Quiz2AppIOS.app */ = {isa = PBXFileReference; explicitFileType = wrapper.application; includeInIndex = 0; path = Quiz2AppIOS.app; sourceTree = BUILT_PRODUCTS_DIR; };
		D62FCEA026AC50B80061B9B0 /* AppDelegate.swift */ = {isa = PBXFileReference; lastKnownFileType = sourcecode.swift; path = AppDelegate.swift; sourceTree = "<group>"; };
		D62FCEA226AC50B80061B9B0 /* SceneDelegate.swift */ = {isa = PBXFileReference; lastKnownFileType = sourcecode.swift; path = SceneDelegate.swift; sourceTree = "<group>"; };
		D62FCEA426AC50B80061B9B0 /* ViewController.swift */ = {isa = PBXFileReference; lastKnownFileType = sourcecode.swift; path = ViewController.swift; sourceTree = "<group>"; };
		D62FCEA726AC50B80061B9B0 /* Base */ = {isa = PBXFileReference; lastKnownFileType = file.storyboard; name = Base; path = Base.lproj/Main.storyboard; sourceTree = "<group>"; };
		D62FCEA926AC50B80061B9B0 /* Assets.xcassets */ = {isa = PBXFileReference; lastKnownFileType = folder.assetcatalog; path = Assets.xcassets; sourceTree = "<group>"; };
		D62FCEAC26AC50B80061B9B0 /* Base */ = {isa = PBXFileReference; lastKnownFileType = file.storyboard; name = Base; path = Base.lproj/LaunchScreen.storyboard; sourceTree = "<group>"; };
		D62FCEAE26AC50B80061B9B0 /* Info.plist */ = {isa = PBXFileReference; lastKnownFileType = text.plist.xml; path = Info.plist; sourceTree = "<group>"; };
		D62FCEB826AC53C30061B9B0 /* Story.swift */ = {isa = PBXFileReference; lastKnownFileType = sourcecode.swift; path = Story.swift; sourceTree = "<group>"; };
		D62FCEBA26AC54930061B9B0 /* StoryBrain.swift */ = {isa = PBXFileReference; lastKnownFileType = sourcecode.swift; path = StoryBrain.swift; sourceTree = "<group>"; };
/* End PBXFileReference section */

/* Begin PBXFrameworksBuildPhase section */
		D62FCE9A26AC50B70061B9B0 /* Frameworks */ = {
			isa = PBXFrameworksBuildPhase;
			buildActionMask = 2147483647;
			files = (
			);
			runOnlyForDeploymentPostprocessing = 0;
		};
/* End PBXFrameworksBuildPhase section */

/* Begin PBXGroup section */
		D62FCE9426AC50B70061B9B0 = {
			isa = PBXGroup;
			children = (
				D62FCE9F26AC50B80061B9B0 /* Quiz2AppIOS */,
				D62FCE9E26AC50B80061B9B0 /* Products */,
			);
			sourceTree = "<group>";
		};
		D62FCE9E26AC50B80061B9B0 /* Products */ = {
			isa = PBXGroup;
			children = (
				D62FCE9D26AC50B80061B9B0 /* Quiz2AppIOS.app */,
			);
			name = Products;
			sourceTree = "<group>";
		};
		D62FCE9F26AC50B80061B9B0 /* Quiz2AppIOS */ = {
			isa = PBXGroup;
			children = (
				D62FCEA026AC50B80061B9B0 /* AppDelegate.swift */,
				D62FCEA226AC50B80061B9B0 /* SceneDelegate.swift */,
				D62FCEB726AC51580061B9B0 /* model */,
				D62FCEB626AC514C0061B9B0 /* controller */,
				D62FCEB426AC51350061B9B0 /* view */,
				D62FCEA926AC50B80061B9B0 /* Assets.xcassets */,
				D62FCEAB26AC50B80061B9B0 /* LaunchScreen.storyboard */,
				D62FCEAE26AC50B80061B9B0 /* Info.plist */,
			);
			path = Quiz2AppIOS;
			sourceTree = "<group>";
		};
		D62FCEB426AC51350061B9B0 /* view */ = {
			isa = PBXGroup;
			children = (
				D62FCEA626AC50B80061B9B0 /* Main.storyboard */,
			);
			path = view;
			sourceTree = "<group>";
		};
		D62FCEB626AC514C0061B9B0 /* controller */ = {
			isa = PBXGroup;
			children = (
				D62FCEA426AC50B80061B9B0 /* ViewController.swift */,
			);
			path = controller;
			sourceTree = "<group>";
		};
		D62FCEB726AC51580061B9B0 /* model */ = {
			isa = PBXGroup;
			children = (
				D62FCEB826AC53C30061B9B0 /* Story.swift */,
				D62FCEBA26AC54930061B9B0 /* StoryBrain.swift */,
			);
			path = model;
			sourceTree = "<group>";
		};
/* End PBXGroup section */

/* Begin PBXNativeTarget section */
		D62FCE9C26AC50B70061B9B0 /* Quiz2AppIOS */ = {
			isa = PBXNativeTarget;
			buildConfigurationList = D62FCEB126AC50B80061B9B0 /* Build configuration list for PBXNativeTarget "Quiz2AppIOS" */;
			buildPhases = (
				D62FCE9926AC50B70061B9B0 /* Sources */,
				D62FCE9A26AC50B70061B9B0 /* Frameworks */,
				D62FCE9B26AC50B70061B9B0 /* Resources */,
			);
			buildRules = (
			);
			dependencies = (
			);
			name = Quiz2AppIOS;
			productName = Quiz2AppIOS;
			productReference = D62FCE9D26AC50B80061B9B0 /* Quiz2AppIOS.app */;
			productType = "com.apple.product-type.application";
		};
/* End PBXNativeTarget section */

/* Begin PBXProject section */
		D62FCE9526AC50B70061B9B0 /* Project object */ = {
			isa = PBXProject;
			attributes = {
				LastSwiftUpdateCheck = 1250;
				LastUpgradeCheck = 1250;
				TargetAttributes = {
					D62FCE9C26AC50B70061B9B0 = {
						CreatedOnToolsVersion = 12.5.1;
					};
				};
			};
			buildConfigurationList = D62FCE9826AC50B70061B9B0 /* Build configuration list for PBXProject "Quiz2AppIOS" */;
			compatibilityVersion = "Xcode 9.3";
			developmentRegion = en;
			hasScannedForEncodings = 0;
			knownRegions = (
				en,
				Base,
			);
			mainGroup = D62FCE9426AC50B70061B9B0;
			productRefGroup = D62FCE9E26AC50B80061B9B0 /* Products */;
			projectDirPath = "";
			projectRoot = "";
			targets = (
				D62FCE9C26AC50B70061B9B0 /* Quiz2AppIOS */,
			);
		};
/* End PBXProject section */

/* Begin PBXResourcesBuildPhase section */
		D62FCE9B26AC50B70061B9B0 /* Resources */ = {
			isa = PBXResourcesBuildPhase;
			buildActionMask = 2147483647;
			files = (
				D62FCEAD26AC50B80061B9B0 /* LaunchScreen.storyboard in Resources */,
				D62FCEAA26AC50B80061B9B0 /* Assets.xcassets in Resources */,
				D62FCEA826AC50B80061B9B0 /* Main.storyboard in Resources */,
			);
			runOnlyForDeploymentPostprocessing = 0;
		};
/* End PBXResourcesBuildPhase section */

/* Begin PBXSourcesBuildPhase section */
		D62FCE9926AC50B70061B9B0 /* Sources */ = {
			isa = PBXSourcesBuildPhase;
			buildActionMask = 2147483647;
			files = (
				D62FCEBB26AC54930061B9B0 /* StoryBrain.swift in Sources */,
				D62FCEA526AC50B80061B9B0 /* ViewController.swift in Sources */,
				D62FCEA126AC50B80061B9B0 /* AppDelegate.swift in Sources */,
				D62FCEA326AC50B80061B9B0 /* SceneDelegate.swift in Sources */,
				D62FCEB926AC53C30061B9B0 /* Story.swift in Sources */,
			);
			runOnlyForDeploymentPostprocessing = 0;
		};
/* End PBXSourcesBuildPhase section */

/* Begin PBXVariantGroup section */
		D62FCEA626AC50B80061B9B0 /* Main.storyboard */ = {
			isa = PBXVariantGroup;
			children = (
				D62FCEA726AC50B80061B9B0 /* Base */,
			);
			name = Main.storyboard;
			sourceTree = "<group>";
		};
		D62FCEAB26AC50B80061B9B0 /* LaunchScreen.storyboard */ = {
			isa = PBXVariantGroup;
			children = (
				D62FCEAC26AC50B80061B9B0 /* Base */,
			);
			name = LaunchScreen.storyboard;
			sourceTree = "<group>";
		};
/* End PBXVariantGroup section */

/* Begin XCBuildConfiguration section */
		D62FCEAF26AC50B80061B9B0 /* Debug */ = {
			isa = XCBuildConfiguration;
			buildSettings = {
				ALWAYS_SEARCH_USER_PATHS = NO;
				CLANG_ANALYZER_NONNULL = YES;
				CLANG_ANALYZER_NUMBER_OBJECT_CONVERSION = YES_AGGRESSIVE;
				CLANG_CXX_LANGUAGE_STANDARD = "gnu++14";
				CLANG_CXX_LIBRARY = "libc++";
				CLANG_ENABLE_MODULES = YES;
				CLANG_ENABLE_OBJC_ARC = YES;
				CLANG_ENABLE_OBJC_WEAK = YES;
				CLANG_WARN_BLOCK_CAPTURE_AUTORELEASING = YES;
				CLANG_WARN_BOOL_CONVERSION = YES;
				CLANG_WARN_COMMA = YES;
				CLANG_WARN_CONSTANT_CONVERSION = YES;
				CLANG_WARN_DEPRECATED_OBJC_IMPLEMENTATIONS = YES;
				CLANG_WARN_DIRECT_OBJC_ISA_USAGE = YES_ERROR;
				CLANG_WARN_DOCUMENTATION_COMMENTS = YES;
				CLANG_WARN_EMPTY_BODY = YES;
				CLANG_WARN_ENUM_CONVERSION = YES;
				CLANG_WARN_INFINITE_RECURSION = YES;
				CLANG_WARN_INT_CONVERSION = YES;
				CLANG_WARN_NON_LITERAL_NULL_CONVERSION = YES;
				CLANG_WARN_OBJC_IMPLICIT_RETAIN_SELF = YES;
				CLANG_WARN_OBJC_LITERAL_CONVERSION = YES;
				CLANG_WARN_OBJC_ROOT_CLASS = YES_ERROR;
				CLANG_WARN_QUOTED_INCLUDE_IN_FRAMEWORK_HEADER = YES;
				CLANG_WARN_RANGE_LOOP_ANALYSIS = YES;
				CLANG_WARN_STRICT_PROTOTYPES = YES;
				CLANG_WARN_SUSPICIOUS_MOVE = YES;
				CLANG_WARN_UNGUARDED_AVAILABILITY = YES_AGGRESSIVE;
				CLANG_WARN_UNREACHABLE_CODE = YES;
				CLANG_WARN__DUPLICATE_METHOD_MATCH = YES;
				COPY_PHASE_STRIP = NO;
				DEBUG_INFORMATION_FORMAT = dwarf;
				ENABLE_STRICT_OBJC_MSGSEND = YES;
				ENABLE_TESTABILITY = YES;
				GCC_C_LANGUAGE_STANDARD = gnu11;
				GCC_DYNAMIC_NO_PIC = NO;
				GCC_NO_COMMON_BLOCKS = YES;
				GCC_OPTIMIZATION_LEVEL = 0;
				GCC_PREPROCESSOR_DEFINITIONS = (
					"DEBUG=1",
					"$(inherited)",
				);
				GCC_WARN_64_TO_32_BIT_CONVERSION = YES;
				GCC_WARN_ABOUT_RETURN_TYPE = YES_ERROR;
				GCC_WARN_UNDECLARED_SELECTOR = YES;
				GCC_WARN_UNINITIALIZED_AUTOS = YES_AGGRESSIVE;
				GCC_WARN_UNUSED_FUNCTION = YES;
				GCC_WARN_UNUSED_VARIABLE = YES;
				IPHONEOS_DEPLOYMENT_TARGET = 14.5;
				MTL_ENABLE_DEBUG_INFO = INCLUDE_SOURCE;
				MTL_FAST_MATH = YES;
				ONLY_ACTIVE_ARCH = YES;
				SDKROOT = iphoneos;
				SWIFT_ACTIVE_COMPILATION_CONDITIONS = DEBUG;
				SWIFT_OPTIMIZATION_LEVEL = "-Onone";
			};
			name = Debug;
		};
		D62FCEB026AC50B80061B9B0 /* Release */ = {
			isa = XCBuildConfiguration;
			buildSettings = {
				ALWAYS_SEARCH_USER_PATHS = NO;
				CLANG_ANALYZER_NONNULL = YES;
				CLANG_ANALYZER_NUMBER_OBJECT_CONVERSION = YES_AGGRESSIVE;
				CLANG_CXX_LANGUAGE_STANDARD = "gnu++14";
				CLANG_CXX_LIBRARY = "libc++";
				CLANG_ENABLE_MODULES = YES;
				CLANG_ENABLE_OBJC_ARC = YES;
				CLANG_ENABLE_OBJC_WEAK = YES;
				CLANG_WARN_BLOCK_CAPTURE_AUTORELEASING = YES;
				CLANG_WARN_BOOL_CONVERSION = YES;
				CLANG_WARN_COMMA = YES;
				CLANG_WARN_CONSTANT_CONVERSION = YES;
				CLANG_WARN_DEPRECATED_OBJC_IMPLEMENTATIONS = YES;
				CLANG_WARN_DIRECT_OBJC_ISA_USAGE = YES_ERROR;
				CLANG_WARN_DOCUMENTATION_COMMENTS = YES;
				CLANG_WARN_EMPTY_BODY = YES;
				CLANG_WARN_ENUM_CONVERSION = YES;
				CLANG_WARN_INFINITE_RECURSION = YES;
				CLANG_WARN_INT_CONVERSION = YES;
				CLANG_WARN_NON_LITERAL_NULL_CONVERSION = YES;
				CLANG_WARN_OBJC_IMPLICIT_RETAIN_SELF = YES;
				CLANG_WARN_OBJC_LITERAL_CONVERSION = YES;
				CLANG_WARN_OBJC_ROOT_CLASS = YES_ERROR;
				CLANG_WARN_QUOTED_INCLUDE_IN_FRAMEWORK_HEADER = YES;
				CLANG_WARN_RANGE_LOOP_ANALYSIS = YES;
				CLANG_WARN_STRICT_PROTOTYPES = YES;
				CLANG_WARN_SUSPICIOUS_MOVE = YES;
				CLANG_WARN_UNGUARDED_AVAILABILITY = YES_AGGRESSIVE;
				CLANG_WARN_UNREACHABLE_CODE = YES;
				CLANG_WARN__DUPLICATE_METHOD_MATCH = YES;
				COPY_PHASE_STRIP = NO;
				DEBUG_INFORMATION_FORMAT = "dwarf-with-dsym";
				ENABLE_NS_ASSERTIONS = NO;
				ENABLE_STRICT_OBJC_MSGSEND = YES;
				GCC_C_LANGUAGE_STANDARD = gnu11;
				GCC_NO_COMMON_BLOCKS = YES;
				GCC_WARN_64_TO_32_BIT_CONVERSION = YES;
				GCC_WARN_ABOUT_RETURN_TYPE = YES_ERROR;
				GCC_WARN_UNDECLARED_SELECTOR = YES;
				GCC_WARN_UNINITIALIZED_AUTOS = YES_AGGRESSIVE;
				GCC_WARN_UNUSED_FUNCTION = YES;
				GCC_WARN_UNUSED_VARIABLE = YES;
				IPHONEOS_DEPLOYMENT_TARGET = 14.5;
				MTL_ENABLE_DEBUG_INFO = NO;
				MTL_FAST_MATH = YES;
				SDKROOT = iphoneos;
				SWIFT_COMPILATION_MODE = wholemodule;
				SWIFT_OPTIMIZATION_LEVEL = "-O";
				VALIDATE_PRODUCT = YES;
			};
			name = Release;
		};
		D62FCEB226AC50B80061B9B0 /* Debug */ = {
			isa = XCBuildConfiguration;
			buildSettings = {
				ASSETCATALOG_COMPILER_APPICON_NAME = AppIcon;
				ASSETCATALOG_COMPILER_GLOBAL_ACCENT_COLOR_NAME = AccentColor;
				CODE_SIGN_STYLE = Automatic;
				INFOPLIST_FILE = Quiz2AppIOS/Info.plist;
				LD_RUNPATH_SEARCH_PATHS = (
					"$(inherited)",
					"@executable_path/Frameworks",
				);
				PRODUCT_BUNDLE_IDENTIFIER = com.ChekirWalid.Quiz2AppIOS;
				PRODUCT_NAME = "$(TARGET_NAME)";
				SWIFT_VERSION = 5.0;
				TARGETED_DEVICE_FAMILY = "1,2";
			};
			name = Debug;
		};
		D62FCEB326AC50B80061B9B0 /* Release */ = {
			isa = XCBuildConfiguration;
			buildSettings = {
				ASSETCATALOG_COMPILER_APPICON_NAME = AppIcon;
				ASSETCATALOG_COMPILER_GLOBAL_ACCENT_COLOR_NAME = AccentColor;
				CODE_SIGN_STYLE = Automatic;
				INFOPLIST_FILE = Quiz2AppIOS/Info.plist;
				LD_RUNPATH_SEARCH_PATHS = (
					"$(inherited)",
					"@executable_path/Frameworks",
				);
				PRODUCT_BUNDLE_IDENTIFIER = com.ChekirWalid.Quiz2AppIOS;
				PRODUCT_NAME = "$(TARGET_NAME)";
				SWIFT_VERSION = 5.0;
				TARGETED_DEVICE_FAMILY = "1,2";
			};
			name = Release;
		};
/* End XCBuildConfiguration section */

/* Begin XCConfigurationList section */
		D62FCE9826AC50B70061B9B0 /* Build configuration list for PBXProject "Quiz2AppIOS" */ = {
			isa = XCConfigurationList;
			buildConfigurations = (
				D62FCEAF26AC50B80061B9B0 /* Debug */,
				D62FCEB026AC50B80061B9B0 /* Release */,
			);
			defaultConfigurationIsVisible = 0;
			defaultConfigurationName = Release;
		};
		D62FCEB126AC50B80061B9B0 /* Build configuration list for PBXNativeTarget "Quiz2AppIOS" */ = {
			isa = XCConfigurationList;
			buildConfigurations = (
				D62FCEB226AC50B80061B9B0 /* Debug */,
				D62FCEB326AC50B80061B9B0 /* Release */,
			);
			defaultConfigurationIsVisible = 0;
			defaultConfigurationName = Release;
		};
/* End XCConfigurationList section */
	};
	rootObject = D62FCE9526AC50B70061B9B0 /* Project object */;
}
